
Microsoft Visual Studio Solution File, Format Version 12.00
# Visual Studio Version 17
VisualStudioVersion = 17.10.35027.167
MinimumVisualStudioVersion = 10.0.40219.1
Project("{FAE04EC0-301F-11D3-BF4B-00C04F79EFBC}") = "demoBanHang", "demoBanHang\demoBanHang.csproj", "{9F32B8DC-7AB1-4659-80FC-DF9DD8E81623}"
EndProject
Global
	GlobalSection(SolutionConfigurationPlatforms) = preSolution
		Debug|Any CPU = Debug|Any CPU
		Release|Any CPU = Release|Any CPU
	EndGlobalSection
	GlobalSection(ProjectConfigurationPlatforms) = postSolution
		{9F32B8DC-7AB1-4659-80FC-DF9DD8E81623}.Debug|Any CPU.ActiveCfg = Debug|Any CPU
		{9F32B8DC-7AB1-4659-80FC-DF9DD8E81623}.Debug|Any CPU.Build.0 = Debug|Any CPU
		{9F32B8DC-7AB1-4659-80FC-DF9DD8E81623}.Release|Any CPU.ActiveCfg = Release|Any CPU
		{9F32B8DC-7AB1-4659-80FC-DF9DD8E81623}.Release|Any CPU.Build.0 = Release|Any CPU
	EndGlobalSection
	GlobalSection(SolutionProperties) = preSolution
		HideSolutionNode = FALSE
	EndGlobalSection
	GlobalSection(ExtensibilityGlobals) = postSolution
		SolutionGuid = {CEC58A27-A2C7-4232-9E53-35E96EF11FA4}
	EndGlobalSection
EndGlobal
